
Microsoft Visual Studio Solution File, Format Version 12.00
# Visual Studio 15
VisualStudioVersion = 15.0.28010.2026
MinimumVisualStudioVersion = 10.0.40219.1
Project("{FAE04EC0-301F-11D3-BF4B-00C04F79EFBC}") = "CambridgeUI.PageObjects", "CambraidgeUI.Pageobjects\CambridgeUI.PageObjects.csproj", "{FC325478-0115-4DAC-A3E0-4CB4B9166EFF}"
EndProject
Project("{FAE04EC0-301F-11D3-BF4B-00C04F79EFBC}") = "CambridgeUI.Tests", "CambridgeUI.Tests\CambridgeUI.Tests.csproj", "{861C13F6-2430-4144-AD09-D5D87CA8AD71}"
EndProject
Global
	GlobalSection(SolutionConfigurationPlatforms) = preSolution
		Debug|Any CPU = Debug|Any CPU
		Release|Any CPU = Release|Any CPU
	EndGlobalSection
	GlobalSection(ProjectConfigurationPlatforms) = postSolution
		{FC325478-0115-4DAC-A3E0-4CB4B9166EFF}.Debug|Any CPU.ActiveCfg = Debug|Any CPU
		{FC325478-0115-4DAC-A3E0-4CB4B9166EFF}.Debug|Any CPU.Build.0 = Debug|Any CPU
		{FC325478-0115-4DAC-A3E0-4CB4B9166EFF}.Release|Any CPU.ActiveCfg = Release|Any CPU
		{FC325478-0115-4DAC-A3E0-4CB4B9166EFF}.Release|Any CPU.Build.0 = Release|Any CPU
		{861C13F6-2430-4144-AD09-D5D87CA8AD71}.Debug|Any CPU.ActiveCfg = Debug|Any CPU
		{861C13F6-2430-4144-AD09-D5D87CA8AD71}.Debug|Any CPU.Build.0 = Debug|Any CPU
		{861C13F6-2430-4144-AD09-D5D87CA8AD71}.Release|Any CPU.ActiveCfg = Release|Any CPU
		{861C13F6-2430-4144-AD09-D5D87CA8AD71}.Release|Any CPU.Build.0 = Release|Any CPU
	EndGlobalSection
	GlobalSection(SolutionProperties) = preSolution
		HideSolutionNode = FALSE
	EndGlobalSection
	GlobalSection(ExtensibilityGlobals) = postSolution
		SolutionGuid = {41960538-1E19-4F42-ABCF-E05FE3B73320}
	EndGlobalSection
EndGlobal
